
Microsoft Visual Studio Solution File, Format Version 12.00
# Visual Studio Version 17
VisualStudioVersion = 17.14.36705.20
MinimumVisualStudioVersion = 10.0.40219.1
Project("{2150E333-8FDC-42A3-9474-1A3956D46DE8}") = "Task0", "Task0", "{02EA681E-C7D8-13C7-8484-4AC65E1B71E8}"
EndProject
Project("{FAE04EC0-301F-11D3-BF4B-00C04F79EFBC}") = "Tyuiu.GroshevID.Sprint6.Task0.V7.Test", "Tyuiu.GroshevID.Sprint6.Task0.V7.Test\Tyuiu.GroshevID.Sprint6.Task0.V7.Test.csproj", "{AA12D8C3-30CE-44B7-9B97-3AB95D224609}"
EndProject
Project("{FAE04EC0-301F-11D3-BF4B-00C04F79EFBC}") = "Tyuiu.GroshevID.Sprint6.Task0.V7.Lib", "Tyuiu.GroshevID.Sprint6.Task0.V7.Lib\Tyuiu.GroshevID.Sprint6.Task0.V7.Lib.csproj", "{3C98909C-CDB1-4A8A-8EBD-55B67EE137F6}"
EndProject
Project("{FAE04EC0-301F-11D3-BF4B-00C04F79EFBC}") = "Tyuiu.GroshevID.Sprint6.Task0.V7", "Tyuiu.GroshevID.Sprint6.Task0.V7\Tyuiu.GroshevID.Sprint6.Task0.V7.csproj", "{7417AC4A-91FF-4B10-951E-7AFD8AC5F9E1}"
EndProject
Project("{2150E333-8FDC-42A3-9474-1A3956D46DE8}") = "Task1", "Task1", "{B6E594BC-0E86-4A32-83ED-C43F4CC755F9}"
EndProject
Project("{FAE04EC0-301F-11D3-BF4B-00C04F79EFBC}") = "Tyuiu.GroshevID.Sprint6.Task1.V13", "Tyuiu.GroshevID.Sprint6.Task1.V13\Tyuiu.GroshevID.Sprint6.Task1.V13.csproj", "{EE970F65-6205-4C55-8D99-D2A910F85FD2}"
EndProject
Project("{FAE04EC0-301F-11D3-BF4B-00C04F79EFBC}") = "Tyuiu.GroshevID.Sprint6.Task1.V13.Test", "Tyuiu.GroshevID.Sprint6.Task1.V13.Test\Tyuiu.GroshevID.Sprint6.Task1.V13.Test.csproj", "{43300524-DDF3-4C3D-A27B-7AA6B74DF3F0}"
EndProject
Project("{FAE04EC0-301F-11D3-BF4B-00C04F79EFBC}") = "Tyuiu.GroshevID.Sprint6.Task1.V13.Lib", "Tyuiu.GroshevID.Sprint6.Task1.V13.Lib\Tyuiu.GroshevID.Sprint6.Task1.V13.Lib.csproj", "{5C689EAA-ADFC-4D11-A639-62DF4B867FD9}"
EndProject
Global
	GlobalSection(SolutionConfigurationPlatforms) = preSolution
		Debug|Any CPU = Debug|Any CPU
		Release|Any CPU = Release|Any CPU
	EndGlobalSection
	GlobalSection(ProjectConfigurationPlatforms) = postSolution
		{AA12D8C3-30CE-44B7-9B97-3AB95D224609}.Debug|Any CPU.ActiveCfg = Debug|Any CPU
		{AA12D8C3-30CE-44B7-9B97-3AB95D224609}.Debug|Any CPU.Build.0 = Debug|Any CPU
		{AA12D8C3-30CE-44B7-9B97-3AB95D224609}.Release|Any CPU.ActiveCfg = Release|Any CPU
		{AA12D8C3-30CE-44B7-9B97-3AB95D224609}.Release|Any CPU.Build.0 = Release|Any CPU
		{3C98909C-CDB1-4A8A-8EBD-55B67EE137F6}.Debug|Any CPU.ActiveCfg = Debug|Any CPU
		{3C98909C-CDB1-4A8A-8EBD-55B67EE137F6}.Debug|Any CPU.Build.0 = Debug|Any CPU
		{3C98909C-CDB1-4A8A-8EBD-55B67EE137F6}.Release|Any CPU.ActiveCfg = Release|Any CPU
		{3C98909C-CDB1-4A8A-8EBD-55B67EE137F6}.Release|Any CPU.Build.0 = Release|Any CPU
		{7417AC4A-91FF-4B10-951E-7AFD8AC5F9E1}.Debug|Any CPU.ActiveCfg = Debug|Any CPU
		{7417AC4A-91FF-4B10-951E-7AFD8AC5F9E1}.Debug|Any CPU.Build.0 = Debug|Any CPU
		{7417AC4A-91FF-4B10-951E-7AFD8AC5F9E1}.Release|Any CPU.ActiveCfg = Release|Any CPU
		{7417AC4A-91FF-4B10-951E-7AFD8AC5F9E1}.Release|Any CPU.Build.0 = Release|Any CPU
		{EE970F65-6205-4C55-8D99-D2A910F85FD2}.Debug|Any CPU.ActiveCfg = Debug|Any CPU
		{EE970F65-6205-4C55-8D99-D2A910F85FD2}.Debug|Any CPU.Build.0 = Debug|Any CPU
		{EE970F65-6205-4C55-8D99-D2A910F85FD2}.Release|Any CPU.ActiveCfg = Release|Any CPU
		{EE970F65-6205-4C55-8D99-D2A910F85FD2}.Release|Any CPU.Build.0 = Release|Any CPU
		{43300524-DDF3-4C3D-A27B-7AA6B74DF3F0}.Debug|Any CPU.ActiveCfg = Debug|Any CPU
		{43300524-DDF3-4C3D-A27B-7AA6B74DF3F0}.Debug|Any CPU.Build.0 = Debug|Any CPU
		{43300524-DDF3-4C3D-A27B-7AA6B74DF3F0}.Release|Any CPU.ActiveCfg = Release|Any CPU
		{43300524-DDF3-4C3D-A27B-7AA6B74DF3F0}.Release|Any CPU.Build.0 = Release|Any CPU
		{5C689EAA-ADFC-4D11-A639-62DF4B867FD9}.Debug|Any CPU.ActiveCfg = Debug|Any CPU
		{5C689EAA-ADFC-4D11-A639-62DF4B867FD9}.Debug|Any CPU.Build.0 = Debug|Any CPU
		{5C689EAA-ADFC-4D11-A639-62DF4B867FD9}.Release|Any CPU.ActiveCfg = Release|Any CPU
		{5C689EAA-ADFC-4D11-A639-62DF4B867FD9}.Release|Any CPU.Build.0 = Release|Any CPU
	EndGlobalSection
	GlobalSection(SolutionProperties) = preSolution
		HideSolutionNode = FALSE
	EndGlobalSection
	GlobalSection(NestedProjects) = preSolution
		{AA12D8C3-30CE-44B7-9B97-3AB95D224609} = {02EA681E-C7D8-13C7-8484-4AC65E1B71E8}
		{3C98909C-CDB1-4A8A-8EBD-55B67EE137F6} = {02EA681E-C7D8-13C7-8484-4AC65E1B71E8}
		{7417AC4A-91FF-4B10-951E-7AFD8AC5F9E1} = {02EA681E-C7D8-13C7-8484-4AC65E1B71E8}
		{EE970F65-6205-4C55-8D99-D2A910F85FD2} = {B6E594BC-0E86-4A32-83ED-C43F4CC755F9}
		{43300524-DDF3-4C3D-A27B-7AA6B74DF3F0} = {B6E594BC-0E86-4A32-83ED-C43F4CC755F9}
		{5C689EAA-ADFC-4D11-A639-62DF4B867FD9} = {B6E594BC-0E86-4A32-83ED-C43F4CC755F9}
	EndGlobalSection
	GlobalSection(ExtensibilityGlobals) = postSolution
		SolutionGuid = {102F861E-34E4-47DB-8847-F0036A0503C7}
	EndGlobalSection
EndGlobal
